// !$*UTF8*$!
{
	archiveVersion = 1;
	classes = {
	};
	objectVersion = 46;
	objects = {

/* Begin PBXBuildFile section */
		1340FBFE6A986EB978197F1C /* libPods.a in Frameworks */ = {isa = PBXBuildFile; fileRef = 561B1B5116B24C300FBA5259 /* libPods.a */; };
		B68D8D0E1AB6D8E3008742E7 /* main.m in Sources */ = {isa = PBXBuildFile; fileRef = B68D8D0D1AB6D8E3008742E7 /* main.m */; };
		B68D8D111AB6D8E3008742E7 /* AppDelegate.m in Sources */ = {isa = PBXBuildFile; fileRef = B68D8D101AB6D8E3008742E7 /* AppDelegate.m */; };
		B68D8D141AB6D8E3008742E7 /* ViewController.m in Sources */ = {isa = PBXBuildFile; fileRef = B68D8D131AB6D8E3008742E7 /* ViewController.m */; };
		B68D8D171AB6D8E3008742E7 /* Main.storyboard in Resources */ = {isa = PBXBuildFile; fileRef = B68D8D151AB6D8E3008742E7 /* Main.storyboard */; };
		B68D8D191AB6D8E4008742E7 /* Images.xcassets in Resources */ = {isa = PBXBuildFile; fileRef = B68D8D181AB6D8E4008742E7 /* Images.xcassets */; };
		B68D8D1C1AB6D8E4008742E7 /* LaunchScreen.xib in Resources */ = {isa = PBXBuildFile; fileRef = B68D8D1A1AB6D8E4008742E7 /* LaunchScreen.xib */; };
		B68D8D281AB6D8E4008742E7 /* JKPopMenuViewTests.m in Sources */ = {isa = PBXBuildFile; fileRef = B68D8D271AB6D8E4008742E7 /* JKPopMenuViewTests.m */; };
		B68D8D691AB7D821008742E7 /* JKPopMenuItem.m in Sources */ = {isa = PBXBuildFile; fileRef = B68D8D661AB7D821008742E7 /* JKPopMenuItem.m */; };
		B68D8D6A1AB7D821008742E7 /* JKPopMenuView.m in Sources */ = {isa = PBXBuildFile; fileRef = B68D8D681AB7D821008742E7 /* JKPopMenuView.m */; };
/* End PBXBuildFile section */

/* Begin PBXContainerItemProxy section */
		B68D8D221AB6D8E4008742E7 /* PBXContainerItemProxy */ = {
			isa = PBXContainerItemProxy;
			containerPortal = B68D8D001AB6D8E3008742E7 /* Project object */;
			proxyType = 1;
			remoteGlobalIDString = B68D8D071AB6D8E3008742E7;
			remoteInfo = JKPopMenuView;
		};
/* End PBXContainerItemProxy section */

/* Begin PBXFileReference section */
		561B1B5116B24C300FBA5259 /* libPods.a */ = {isa = PBXFileReference; explicitFileType = archive.ar; includeInIndex = 0; path = libPods.a; sourceTree = BUILT_PRODUCTS_DIR; };
		74EE942D7332BB9838489341 /* Pods.release.xcconfig */ = {isa = PBXFileReference; includeInIndex = 1; lastKnownFileType = text.xcconfig; name = Pods.release.xcconfig; path = "Pods/Target Support Files/Pods/Pods.release.xcconfig"; sourceTree = "<group>"; };
		8038B5B510E6C646F27F9F6A /* Pods.debug.xcconfig */ = {isa = PBXFileReference; includeInIndex = 1; lastKnownFileType = text.xcconfig; name = Pods.debug.xcconfig; path = "Pods/Target Support Files/Pods/Pods.debug.xcconfig"; sourceTree = "<group>"; };
		B68D8D081AB6D8E3008742E7 /* JKPopMenuView.app */ = {isa = PBXFileReference; explicitFileType = wrapper.application; includeInIndex = 0; path = JKPopMenuView.app; sourceTree = BUILT_PRODUCTS_DIR; };
		B68D8D0C1AB6D8E3008742E7 /* Info.plist */ = {isa = PBXFileReference; lastKnownFileType = text.plist.xml; path = Info.plist; sourceTree = "<group>"; };
		B68D8D0D1AB6D8E3008742E7 /* main.m */ = {isa = PBXFileReference; lastKnownFileType = sourcecode.c.objc; path = main.m; sourceTree = "<group>"; };
		B68D8D0F1AB6D8E3008742E7 /* AppDelegate.h */ = {isa = PBXFileReference; lastKnownFileType = sourcecode.c.h; path = AppDelegate.h; sourceTree = "<group>"; };
		B68D8D101AB6D8E3008742E7 /* AppDelegate.m */ = {isa = PBXFileReference; lastKnownFileType = sourcecode.c.objc; path = AppDelegate.m; sourceTree = "<group>"; };
		B68D8D121AB6D8E3008742E7 /* ViewController.h */ = {isa = PBXFileReference; lastKnownFileType = sourcecode.c.h; path = ViewController.h; sourceTree = "<group>"; };
		B68D8D131AB6D8E3008742E7 /* ViewController.m */ = {isa = PBXFileReference; lastKnownFileType = sourcecode.c.objc; path = ViewController.m; sourceTree = "<group>"; };
		B68D8D161AB6D8E3008742E7 /* Base */ = {isa = PBXFileReference; lastKnownFileType = file.storyboard; name = Base; path = Base.lproj/Main.storyboard; sourceTree = "<group>"; };
		B68D8D181AB6D8E4008742E7 /* Images.xcassets */ = {isa = PBXFileReference; lastKnownFileType = folder.assetcatalog; path = Images.xcassets; sourceTree = "<group>"; };
		B68D8D1B1AB6D8E4008742E7 /* Base */ = {isa = PBXFileReference; lastKnownFileType = file.xib; name = Base; path = Base.lproj/LaunchScreen.xib; sourceTree = "<group>"; };
		B68D8D211AB6D8E4008742E7 /* JKPopMenuViewTests.xctest */ = {isa = PBXFileReference; explicitFileType = wrapper.cfbundle; includeInIndex = 0; path = JKPopMenuViewTests.xctest; sourceTree = BUILT_PRODUCTS_DIR; };
		B68D8D261AB6D8E4008742E7 /* Info.plist */ = {isa = PBXFileReference; lastKnownFileType = text.plist.xml; path = Info.plist; sourceTree = "<group>"; };
		B68D8D271AB6D8E4008742E7 /* JKPopMenuViewTests.m */ = {isa = PBXFileReference; lastKnownFileType = sourcecode.c.objc; path = JKPopMenuViewTests.m; sourceTree = "<group>"; };
		B68D8D651AB7D821008742E7 /* JKPopMenuItem.h */ = {isa = PBXFileReference; fileEncoding = 4; lastKnownFileType = sourcecode.c.h; path = JKPopMenuItem.h; sourceTree = "<group>"; };
		B68D8D661AB7D821008742E7 /* JKPopMenuItem.m */ = {isa = PBXFileReference; fileEncoding = 4; lastKnownFileType = sourcecode.c.objc; path = JKPopMenuItem.m; sourceTree = "<group>"; };
		B68D8D671AB7D821008742E7 /* JKPopMenuView.h */ = {isa = PBXFileReference; fileEncoding = 4; lastKnownFileType = sourcecode.c.h; path = JKPopMenuView.h; sourceTree = "<group>"; };
		B68D8D681AB7D821008742E7 /* JKPopMenuView.m */ = {isa = PBXFileReference; fileEncoding = 4; lastKnownFileType = sourcecode.c.objc; path = JKPopMenuView.m; sourceTree = "<group>"; };
/* End PBXFileReference section */

/* Begin PBXFrameworksBuildPhase section */
		B68D8D051AB6D8E3008742E7 /* Frameworks */ = {
			isa = PBXFrameworksBuildPhase;
			buildActionMask = 2147483647;
			files = (
				1340FBFE6A986EB978197F1C /* libPods.a in Frameworks */,
			);
			runOnlyForDeploymentPostprocessing = 0;
		};
		B68D8D1E1AB6D8E4008742E7 /* Frameworks */ = {
			isa = PBXFrameworksBuildPhase;
			buildActionMask = 2147483647;
			files = (
			);
			runOnlyForDeploymentPostprocessing = 0;
		};
/* End PBXFrameworksBuildPhase section */

/* Begin PBXGroup section */
		5B16AA01566C0434F9B91120 /* Frameworks */ = {
			isa = PBXGroup;
			children = (
				561B1B5116B24C300FBA5259 /* libPods.a */,
			);
			name = Frameworks;
			sourceTree = "<group>";
		};
		B68D8CFF1AB6D8E3008742E7 = {
			isa = PBXGroup;
			children = (
				B68D8D641AB7D821008742E7 /* JKPopMenu */,
				B68D8D0A1AB6D8E3008742E7 /* JKPopMenuView */,
				B68D8D241AB6D8E4008742E7 /* JKPopMenuViewTests */,
				B68D8D091AB6D8E3008742E7 /* Products */,
				DEF48AB8ABA7EF18F96ED691 /* Pods */,
				5B16AA01566C0434F9B91120 /* Frameworks */,
			);
			sourceTree = "<group>";
		};
		B68D8D091AB6D8E3008742E7 /* Products */ = {
			isa = PBXGroup;
			children = (
				B68D8D081AB6D8E3008742E7 /* JKPopMenuView.app */,
				B68D8D211AB6D8E4008742E7 /* JKPopMenuViewTests.xctest */,
			);
			name = Products;
			sourceTree = "<group>";
		};
		B68D8D0A1AB6D8E3008742E7 /* JKPopMenuView */ = {
			isa = PBXGroup;
			children = (
				B68D8D0F1AB6D8E3008742E7 /* AppDelegate.h */,
				B68D8D101AB6D8E3008742E7 /* AppDelegate.m */,
				B68D8D121AB6D8E3008742E7 /* ViewController.h */,
				B68D8D131AB6D8E3008742E7 /* ViewController.m */,
				B68D8D151AB6D8E3008742E7 /* Main.storyboard */,
				B68D8D181AB6D8E4008742E7 /* Images.xcassets */,
				B68D8D1A1AB6D8E4008742E7 /* LaunchScreen.xib */,
				B68D8D0B1AB6D8E3008742E7 /* Supporting Files */,
			);
			path = JKPopMenuView;
			sourceTree = "<group>";
		};
		B68D8D0B1AB6D8E3008742E7 /* Supporting Files */ = {
			isa = PBXGroup;
			children = (
				B68D8D0C1AB6D8E3008742E7 /* Info.plist */,
				B68D8D0D1AB6D8E3008742E7 /* main.m */,
			);
			name = "Supporting Files";
			sourceTree = "<group>";
		};
		B68D8D241AB6D8E4008742E7 /* JKPopMenuViewTests */ = {
			isa = PBXGroup;
			children = (
				B68D8D271AB6D8E4008742E7 /* JKPopMenuViewTests.m */,
				B68D8D251AB6D8E4008742E7 /* Supporting Files */,
			);
			path = JKPopMenuViewTests;
			sourceTree = "<group>";
		};
		B68D8D251AB6D8E4008742E7 /* Supporting Files */ = {
			isa = PBXGroup;
			children = (
				B68D8D261AB6D8E4008742E7 /* Info.plist */,
			);
			name = "Supporting Files";
			sourceTree = "<group>";
		};
		B68D8D641AB7D821008742E7 /* JKPopMenu */ = {
			isa = PBXGroup;
			children = (
				B68D8D651AB7D821008742E7 /* JKPopMenuItem.h */,
				B68D8D661AB7D821008742E7 /* JKPopMenuItem.m */,
				B68D8D671AB7D821008742E7 /* JKPopMenuView.h */,
				B68D8D681AB7D821008742E7 /* JKPopMenuView.m */,
			);
			path = JKPopMenu;
			sourceTree = "<group>";
		};
		DEF48AB8ABA7EF18F96ED691 /* Pods */ = {
			isa = PBXGroup;
			children = (
				8038B5B510E6C646F27F9F6A /* Pods.debug.xcconfig */,
				74EE942D7332BB9838489341 /* Pods.release.xcconfig */,
			);
			name = Pods;
			sourceTree = "<group>";
		};
/* End PBXGroup section */

/* Begin PBXNativeTarget section */
		B68D8D071AB6D8E3008742E7 /* JKPopMenuView */ = {
			isa = PBXNativeTarget;
			buildConfigurationList = B68D8D2B1AB6D8E4008742E7 /* Build configuration list for PBXNativeTarget "JKPopMenuView" */;
			buildPhases = (
				66675035CE5A18540A1839D7 /* Check Pods Manifest.lock */,
				B68D8D041AB6D8E3008742E7 /* Sources */,
				B68D8D051AB6D8E3008742E7 /* Frameworks */,
				B68D8D061AB6D8E3008742E7 /* Resources */,
				6B4F381F1DE2CB7E7E92F953 /* Copy Pods Resources */,
			);
			buildRules = (
			);
			dependencies = (
			);
			name = JKPopMenuView;
			productName = JKPopMenuView;
			productReference = B68D8D081AB6D8E3008742E7 /* JKPopMenuView.app */;
			productType = "com.apple.product-type.application";
		};
		B68D8D201AB6D8E4008742E7 /* JKPopMenuViewTests */ = {
			isa = PBXNativeTarget;
			buildConfigurationList = B68D8D2E1AB6D8E4008742E7 /* Build configuration list for PBXNativeTarget "JKPopMenuViewTests" */;
			buildPhases = (
				B68D8D1D1AB6D8E4008742E7 /* Sources */,
				B68D8D1E1AB6D8E4008742E7 /* Frameworks */,
				B68D8D1F1AB6D8E4008742E7 /* Resources */,
			);
			buildRules = (
			);
			dependencies = (
				B68D8D231AB6D8E4008742E7 /* PBXTargetDependency */,
			);
			name = JKPopMenuViewTests;
			productName = JKPopMenuViewTests;
			productReference = B68D8D211AB6D8E4008742E7 /* JKPopMenuViewTests.xctest */;
			productType = "com.apple.product-type.bundle.unit-test";
		};
/* End PBXNativeTarget section */

/* Begin PBXProject section */
		B68D8D001AB6D8E3008742E7 /* Project object */ = {
			isa = PBXProject;
			attributes = {
				LastUpgradeCheck = 0620;
				ORGANIZATIONNAME = Bingjie;
				TargetAttributes = {
					B68D8D071AB6D8E3008742E7 = {
						CreatedOnToolsVersion = 6.2;
					};
					B68D8D201AB6D8E4008742E7 = {
						CreatedOnToolsVersion = 6.2;
						TestTargetID = B68D8D071AB6D8E3008742E7;
					};
				};
			};
			buildConfigurationList = B68D8D031AB6D8E3008742E7 /* Build configuration list for PBXProject "JKPopMenuView" */;
			compatibilityVersion = "Xcode 3.2";
			developmentRegion = English;
			hasScannedForEncodings = 0;
			knownRegions = (
				en,
				Base,
			);
			mainGroup = B68D8CFF1AB6D8E3008742E7;
			productRefGroup = B68D8D091AB6D8E3008742E7 /* Products */;
			projectDirPath = "";
			projectRoot = "";
			targets = (
				B68D8D071AB6D8E3008742E7 /* JKPopMenuView */,
				B68D8D201AB6D8E4008742E7 /* JKPopMenuViewTests */,
			);
		};
/* End PBXProject section */

/* Begin PBXResourcesBuildPhase section */
		B68D8D061AB6D8E3008742E7 /* Resources */ = {
			isa = PBXResourcesBuildPhase;
			buildActionMask = 2147483647;
			files = (
				B68D8D171AB6D8E3008742E7 /* Main.storyboard in Resources */,
				B68D8D1C1AB6D8E4008742E7 /* LaunchScreen.xib in Resources */,
				B68D8D191AB6D8E4008742E7 /* Images.xcassets in Resources */,
			);
			runOnlyForDeploymentPostprocessing = 0;
		};
		B68D8D1F1AB6D8E4008742E7 /* Resources */ = {
			isa = PBXResourcesBuildPhase;
			buildActionMask = 2147483647;
			files = (
			);
			runOnlyForDeploymentPostprocessing = 0;
		};
/* End PBXResourcesBuildPhase section */

/* Begin PBXShellScriptBuildPhase section */
		66675035CE5A18540A1839D7 /* Check Pods Manifest.lock */ = {
			isa = PBXShellScriptBuildPhase;
			buildActionMask = 2147483647;
			files = (
			);
			inputPaths = (
			);
			name = "Check Pods Manifest.lock";
			outputPaths = (
			);
			runOnlyForDeploymentPostprocessing = 0;
			shellPath = /bin/sh;
			shellScript = "diff \"${PODS_ROOT}/../Podfile.lock\" \"${PODS_ROOT}/Manifest.lock\" > /dev/null\nif [[ $? != 0 ]] ; then\n    cat << EOM\nerror: The sandbox is not in sync with the Podfile.lock. Run 'pod install' or update your CocoaPods installation.\nEOM\n    exit 1\nfi\n";
			showEnvVarsInLog = 0;
		};
		6B4F381F1DE2CB7E7E92F953 /* Copy Pods Resources */ = {
			isa = PBXShellScriptBuildPhase;
			buildActionMask = 2147483647;
			files = (
			);
			inputPaths = (
			);
			name = "Copy Pods Resources";
			outputPaths = (
			);
			runOnlyForDeploymentPostprocessing = 0;
			shellPath = /bin/sh;
			shellScript = "\"${SRCROOT}/Pods/Target Support Files/Pods/Pods-resources.sh\"\n";
			showEnvVarsInLog = 0;
		};
/* End PBXShellScriptBuildPhase section */

/* Begin PBXSourcesBuildPhase section */
		B68D8D041AB6D8E3008742E7 /* Sources */ = {
			isa = PBXSourcesBuildPhase;
			buildActionMask = 2147483647;
			files = (
				B68D8D141AB6D8E3008742E7 /* ViewController.m in Sources */,
				B68D8D111AB6D8E3008742E7 /* AppDelegate.m in Sources */,
				B68D8D691AB7D821008742E7 /* JKPopMenuItem.m in Sources */,
				B68D8D0E1AB6D8E3008742E7 /* main.m in Sources */,
				B68D8D6A1AB7D821008742E7 /* JKPopMenuView.m in Sources */,
			);
			runOnlyForDeploymentPostprocessing = 0;
		};
		B68D8D1D1AB6D8E4008742E7 /* Sources */ = {
			isa = PBXSourcesBuildPhase;
			buildActionMask = 2147483647;
			files = (
				B68D8D281AB6D8E4008742E7 /* JKPopMenuViewTests.m in Sources */,
			);
			runOnlyForDeploymentPostprocessing = 0;
		};
/* End PBXSourcesBuildPhase section */

/* Begin PBXTargetDependency section */
		B68D8D231AB6D8E4008742E7 /* PBXTargetDependency */ = {
			isa = PBXTargetDependency;
			target = B68D8D071AB6D8E3008742E7 /* JKPopMenuView */;
			targetProxy = B68D8D221AB6D8E4008742E7 /* PBXContainerItemProxy */;
		};
/* End PBXTargetDependency section */

/* Begin PBXVariantGroup section */
		B68D8D151AB6D8E3008742E7 /* Main.storyboard */ = {
			isa = PBXVariantGroup;
			children = (
				B68D8D161AB6D8E3008742E7 /* Base */,
			);
			name = Main.storyboard;
			sourceTree = "<group>";
		};
		B68D8D1A1AB6D8E4008742E7 /* LaunchScreen.xib */ = {
			isa = PBXVariantGroup;
			children = (
				B68D8D1B1AB6D8E4008742E7 /* Base */,
			);
			name = LaunchScreen.xib;
			sourceTree = "<group>";
		};
/* End PBXVariantGroup section */

/* Begin XCBuildConfiguration section */
		B68D8D291AB6D8E4008742E7 /* Debug */ = {
			isa = XCBuildConfiguration;
			buildSettings = {
				ALWAYS_SEARCH_USER_PATHS = NO;
				CLANG_CXX_LANGUAGE_STANDARD = "gnu++0x";
				CLANG_CXX_LIBRARY = "libc++";
				CLANG_ENABLE_MODULES = YES;
				CLANG_ENABLE_OBJC_ARC = YES;
				CLANG_WARN_BOOL_CONVERSION = YES;
				CLANG_WARN_CONSTANT_CONVERSION = YES;
				CLANG_WARN_DIRECT_OBJC_ISA_USAGE = YES_ERROR;
				CLANG_WARN_EMPTY_BODY = YES;
				CLANG_WARN_ENUM_CONVERSION = YES;
				CLANG_WARN_INT_CONVERSION = YES;
				CLANG_WARN_OBJC_ROOT_CLASS = YES_ERROR;
				CLANG_WARN_UNREACHABLE_CODE = YES;
				CLANG_WARN__DUPLICATE_METHOD_MATCH = YES;
				"CODE_SIGN_IDENTITY[sdk=iphoneos*]" = "iPhone Developer";
				COPY_PHASE_STRIP = NO;
				ENABLE_STRICT_OBJC_MSGSEND = YES;
				GCC_C_LANGUAGE_STANDARD = gnu99;
				GCC_DYNAMIC_NO_PIC = NO;
				GCC_OPTIMIZATION_LEVEL = 0;
				GCC_PREPROCESSOR_DEFINITIONS = (
					"DEBUG=1",
					"$(inherited)",
				);
				GCC_SYMBOLS_PRIVATE_EXTERN = NO;
				GCC_WARN_64_TO_32_BIT_CONVERSION = YES;
				GCC_WARN_ABOUT_RETURN_TYPE = YES_ERROR;
				GCC_WARN_UNDECLARED_SELECTOR = YES;
				GCC_WARN_UNINITIALIZED_AUTOS = YES_AGGRESSIVE;
				GCC_WARN_UNUSED_FUNCTION = YES;
				GCC_WARN_UNUSED_VARIABLE = YES;
				IPHONEOS_DEPLOYMENT_TARGET = 8.2;
				MTL_ENABLE_DEBUG_INFO = YES;
				ONLY_ACTIVE_ARCH = YES;
				SDKROOT = iphoneos;
			};
			name = Debug;
		};
		B68D8D2A1AB6D8E4008742E7 /* Release */ = {
			isa = XCBuildConfiguration;
			buildSettings = {
				ALWAYS_SEARCH_USER_PATHS = NO;
				CLANG_CXX_LANGUAGE_STANDARD = "gnu++0x";
				CLANG_CXX_LIBRARY = "libc++";
				CLANG_ENABLE_MODULES = YES;
				CLANG_ENABLE_OBJC_ARC = YES;
				CLANG_WARN_BOOL_CONVERSION = YES;
				CLANG_WARN_CONSTANT_CONVERSION = YES;
				CLANG_WARN_DIRECT_OBJC_ISA_USAGE = YES_ERROR;
				CLANG_WARN_EMPTY_BODY = YES;
				CLANG_WARN_ENUM_CONVERSION = YES;
				CLANG_WARN_INT_CONVERSION = YES;
				CLANG_WARN_OBJC_ROOT_CLASS = YES_ERROR;
				CLANG_WARN_UNREACHABLE_CODE = YES;
				CLANG_WARN__DUPLICATE_METHOD_MATCH = YES;
				"CODE_SIGN_IDENTITY[sdk=iphoneos*]" = "iPhone Developer";
				COPY_PHASE_STRIP = NO;
				ENABLE_NS_ASSERTIONS = NO;
				ENABLE_STRICT_OBJC_MSGSEND = YES;
				GCC_C_LANGUAGE_STANDARD = gnu99;
				GCC_WARN_64_TO_32_BIT_CONVERSION = YES;
				GCC_WARN_ABOUT_RETURN_TYPE = YES_ERROR;
				GCC_WARN_UNDECLARED_SELECTOR = YES;
				GCC_WARN_UNINITIALIZED_AUTOS = YES_AGGRESSIVE;
				GCC_WARN_UNUSED_FUNCTION = YES;
				GCC_WARN_UNUSED_VARIABLE = YES;
				IPHONEOS_DEPLOYMENT_TARGET = 8.2;
				MTL_ENABLE_DEBUG_INFO = NO;
				SDKROOT = iphoneos;
				VALIDATE_PRODUCT = YES;
			};
			name = Release;
		};
		B68D8D2C1AB6D8E4008742E7 /* Debug */ = {
			isa = XCBuildConfiguration;
			baseConfigurationReference = 8038B5B510E6C646F27F9F6A /* Pods.debug.xcconfig */;
			buildSettings = {
				ASSETCATALOG_COMPILER_APPICON_NAME = AppIcon;
				INFOPLIST_FILE = JKPopMenuView/Info.plist;
				LD_RUNPATH_SEARCH_PATHS = "$(inherited) @executable_path/Frameworks";
				PRODUCT_NAME = "$(TARGET_NAME)";
			};
			name = Debug;
		};
		B68D8D2D1AB6D8E4008742E7 /* Release */ = {
			isa = XCBuildConfiguration;
			baseConfigurationReference = 74EE942D7332BB9838489341 /* Pods.release.xcconfig */;
			buildSettings = {
				ASSETCATALOG_COMPILER_APPICON_NAME = AppIcon;
				INFOPLIST_FILE = JKPopMenuView/Info.plist;
				LD_RUNPATH_SEARCH_PATHS = "$(inherited) @executable_path/Frameworks";
				PRODUCT_NAME = "$(TARGET_NAME)";
			};
			name = Release;
		};
		B68D8D2F1AB6D8E4008742E7 /* Debug */ = {
			isa = XCBuildConfiguration;
			buildSettings = {
				BUNDLE_LOADER = "$(TEST_HOST)";
				FRAMEWORK_SEARCH_PATHS = (
					"$(SDKROOT)/Developer/Library/Frameworks",
					"$(inherited)",
				);
				GCC_PREPROCESSOR_DEFINITIONS = (
					"DEBUG=1",
					"$(inherited)",
				);
				INFOPLIST_FILE = JKPopMenuViewTests/Info.plist;
				LD_RUNPATH_SEARCH_PATHS = "$(inherited) @executable_path/Frameworks @loader_path/Frameworks";
				PRODUCT_NAME = "$(TARGET_NAME)";
				TEST_HOST = "$(BUILT_PRODUCTS_DIR)/JKPopMenuView.app/JKPopMenuView";
			};
			name = Debug;
		};
		B68D8D301AB6D8E4008742E7 /* Release */ = {
			isa = XCBuildConfiguration;
			buildSettings = {
				BUNDLE_LOADER = "$(TEST_HOST)";
				FRAMEWORK_SEARCH_PATHS = (
					"$(SDKROOT)/Developer/Library/Frameworks",
					"$(inherited)",
				);
				INFOPLIST_FILE = JKPopMenuViewTests/Info.plist;
				LD_RUNPATH_SEARCH_PATHS = "$(inherited) @executable_path/Frameworks @loader_path/Frameworks";
				PRODUCT_NAME = "$(TARGET_NAME)";
				TEST_HOST = "$(BUILT_PRODUCTS_DIR)/JKPopMenuView.app/JKPopMenuView";
			};
			name = Release;
		};
/* End XCBuildConfiguration section */

/* Begin XCConfigurationList section */
		B68D8D031AB6D8E3008742E7 /* Build configuration list for PBXProject "JKPopMenuView" */ = {
			isa = XCConfigurationList;
			buildConfigurations = (
				B68D8D291AB6D8E4008742E7 /* Debug */,
				B68D8D2A1AB6D8E4008742E7 /* Release */,
			);
			defaultConfigurationIsVisible = 0;
			defaultConfigurationName = Release;
		};
		B68D8D2B1AB6D8E4008742E7 /* Build configuration list for PBXNativeTarget "JKPopMenuView" */ = {
			isa = XCConfigurationList;
			buildConfigurations = (
				B68D8D2C1AB6D8E4008742E7 /* Debug */,
				B68D8D2D1AB6D8E4008742E7 /* Release */,
			);
			defaultConfigurationIsVisible = 0;
			defaultConfigurationName = Release;
		};
		B68D8D2E1AB6D8E4008742E7 /* Build configuration list for PBXNativeTarget "JKPopMenuViewTests" */ = {
			isa = XCConfigurationList;
			buildConfigurations = (
				B68D8D2F1AB6D8E4008742E7 /* Debug */,
				B68D8D301AB6D8E4008742E7 /* Release */,
			);
			defaultConfigurationIsVisible = 0;
			defaultConfigurationName = Release;
		};
/* End XCConfigurationList section */
	};
	rootObject = B68D8D001AB6D8E3008742E7 /* Project object */;
}
